{
  "name": "@juriba/yalla-cli",
  "version": "0.0.0-dev",
  "lockfileVersion": 3,
  "requires": true,
  "packages": {
    "": {
      "name": "@juriba/yalla-cli",
      "version": "0.0.0-dev",
      "cpu": [
        "x64",
        "arm64"
      ],
      "hasInstallScript": true,
      "license": "MIT",
      "os": [
        "darwin",
        "linux",
        "win32"
      ],
      "bin": {
        "yalla": "bin/yalla.js"
      },
      "engines": {
        "node": ">=18"
      }
    }
  }
}
